
Microsoft Visual Studio Solution File, Format Version 12.00
# Visual Studio Version 17
VisualStudioVersion = 17.1.32328.378
MinimumVisualStudioVersion = 10.0.40219.1
Project("{FAE04EC0-301F-11D3-BF4B-00C04F79EFBC}") = "IdentityApp", "IdentityApp\IdentityApp.csproj", "{C808B1C8-C93E-40A3-968E-66D133FB63DE}"
EndProject
Global
	GlobalSection(SolutionConfigurationPlatforms) = preSolution
		Debug|Any CPU = Debug|Any CPU
		Release|Any CPU = Release|Any CPU
	EndGlobalSection
	GlobalSection(ProjectConfigurationPlatforms) = postSolution
		{C808B1C8-C93E-40A3-968E-66D133FB63DE}.Debug|Any CPU.ActiveCfg = Debug|Any CPU
		{C808B1C8-C93E-40A3-968E-66D133FB63DE}.Debug|Any CPU.Build.0 = Debug|Any CPU
		{C808B1C8-C93E-40A3-968E-66D133FB63DE}.Release|Any CPU.ActiveCfg = Release|Any CPU
		{C808B1C8-C93E-40A3-968E-66D133FB63DE}.Release|Any CPU.Build.0 = Release|Any CPU
	EndGlobalSection
	GlobalSection(SolutionProperties) = preSolution
		HideSolutionNode = FALSE
	EndGlobalSection
	GlobalSection(ExtensibilityGlobals) = postSolution
		SolutionGuid = {406227D4-AEE1-43EA-A9CA-54D9C3D3CE29}
	EndGlobalSection
EndGlobal
